
Microsoft Visual Studio Solution File, Format Version 12.00
# Visual Studio Version 16
VisualStudioVersion = 16.0.31702.278
MinimumVisualStudioVersion = 10.0.40219.1
Project("{9A19103F-16F7-4668-BE54-9A1E7A4F7556}") = "HelloWebSocketService", "HelloWebSocketService.csproj", "{A987AE54-CB27-4399-B4F1-1380835577CE}"
EndProject
Global
	GlobalSection(SolutionConfigurationPlatforms) = preSolution
		Debug|Any CPU = Debug|Any CPU
		Release|Any CPU = Release|Any CPU
	EndGlobalSection
	GlobalSection(ProjectConfigurationPlatforms) = postSolution
		{A987AE54-CB27-4399-B4F1-1380835577CE}.Debug|Any CPU.ActiveCfg = Debug|Any CPU
		{A987AE54-CB27-4399-B4F1-1380835577CE}.Debug|Any CPU.Build.0 = Debug|Any CPU
		{A987AE54-CB27-4399-B4F1-1380835577CE}.Release|Any CPU.ActiveCfg = Release|Any CPU
		{A987AE54-CB27-4399-B4F1-1380835577CE}.Release|Any CPU.Build.0 = Release|Any CPU
	EndGlobalSection
	GlobalSection(SolutionProperties) = preSolution
		HideSolutionNode = FALSE
	EndGlobalSection
	GlobalSection(ExtensibilityGlobals) = postSolution
		SolutionGuid = {FD4B6726-1733-4775-8CC9-70F90E4E66BB}
	EndGlobalSection
EndGlobal
