
Microsoft Visual Studio Solution File, Format Version 12.00
# Visual Studio Version 17
VisualStudioVersion = 17.14.35906.104 d17.14
MinimumVisualStudioVersion = 10.0.40219.1
Project("{FAE04EC0-301F-11D3-BF4B-00C04F79EFBC}") = "WebSocket_E14KQR", "WebSocket_E14KQR.csproj", "{8A7DE82E-A044-A569-57A9-AA325AB9DB90}"
EndProject
Global
	GlobalSection(SolutionConfigurationPlatforms) = preSolution
		Debug|Any CPU = Debug|Any CPU
		Release|Any CPU = Release|Any CPU
	EndGlobalSection
	GlobalSection(ProjectConfigurationPlatforms) = postSolution
		{8A7DE82E-A044-A569-57A9-AA325AB9DB90}.Debug|Any CPU.ActiveCfg = Debug|Any CPU
		{8A7DE82E-A044-A569-57A9-AA325AB9DB90}.Debug|Any CPU.Build.0 = Debug|Any CPU
		{8A7DE82E-A044-A569-57A9-AA325AB9DB90}.Release|Any CPU.ActiveCfg = Release|Any CPU
		{8A7DE82E-A044-A569-57A9-AA325AB9DB90}.Release|Any CPU.Build.0 = Release|Any CPU
	EndGlobalSection
	GlobalSection(SolutionProperties) = preSolution
		HideSolutionNode = FALSE
	EndGlobalSection
	GlobalSection(ExtensibilityGlobals) = postSolution
		SolutionGuid = {E2502F1F-FDC6-42F8-A707-D3897C20B2AB}
	EndGlobalSection
EndGlobal
